<?xml version="1.0" encoding="utf-8"?>
<Project ToolsVersion="4.0" xmlns="http://schemas.microsoft.com/developer/msbuild/2003">
  <ItemGroup>
    <ClInclude Include="Common\CommonHeaders.h" />
    <ClInclude Include="Common\PrimitiveTypes.h" />
    <ClInclude Include="Common\ID.h" />
    <ClInclude Include="Components\Entity.h" />
    <ClInclude Include="Components\ComponentsCommon.h" />
    <ClInclude Include="Components\Transform.h" />
    <ClInclude Include="Utilities\Utilities.h" />
    <ClInclude Include="EngineAPI\GameEntity.h" />
    <ClInclude Include="EngineAPI\TransformComponent.h" />
    <ClInclude Include="Utilities\MathTypes.h" />
    <ClInclude Include="EngineAPI\ScriptComponent.h" />
    <ClInclude Include="Components\Script.h" />
    <ClInclude Include="Content\ContentLoader.h" />
    <ClInclude Include="Platform\Window.h" />
    <ClInclude Include="Platform\Platform.h" />
    <ClInclude Include="Platform\PlatformTypes.h" />
    <ClInclude Include="Graphics\Renderer.h" />
  </ItemGroup>
  <ItemGroup>
    <ClCompile Include="Components\Entity.cpp" />
    <ClCompile Include="Components\Transform.cpp" />
    <ClCompile Include="Components\Script.cpp" />
    <ClCompile Include="Core\Main.cpp" />
    <ClCompile Include="Core\Engine.cpp" />
    <ClCompile Include="Content\ContentLoader.cpp" />
    <ClCompile Include="Platform\Platform.cpp" />
  </ItemGroup>
</Project>