<?xml version="1.0" encoding="utf-8"?>
<Project ToolsVersion="4.0" xmlns="http://schemas.microsoft.com/developer/msbuild/2003">
  <ItemGroup>
    <ClInclude Include="Common\CommonHeaders.h" />
    <ClInclude Include="Common\PrimitiveTypes.h" />
    <ClInclude Include="Common\ID.h" />
    <ClInclude Include="Components\Entity.h" />
    <ClInclude Include="Components\ComponentsCommon.h" />
    <ClInclude Include="Components\Transform.h" />
    <ClInclude Include="Utilities\Utilities.h" />
    <ClInclude Include="EngineAPI\GameEntity.h" />
    <ClInclude Include="EngineAPI\TransformComponent.h" />
    <ClInclude Include="Utilities\MathTypes.h" />
  </ItemGroup>
  <ItemGroup>
    <ClCompile Include="Components\Entity.cpp" />
    <ClCompile Include="Components\Transform.cpp" />
  </ItemGroup>
</Project>